
Microsoft Visual Studio Solution File, Format Version 12.00
# Visual Studio Version 17
VisualStudioVersion = 17.14.36401.2 d17.14
MinimumVisualStudioVersion = 10.0.40219.1
Project("{FAE04EC0-301F-11D3-BF4B-00C04F79EFBC}") = "OpenLibrary", "OpenLibrary.csproj", "{92CB538B-67E0-4C1C-8EA7-AA2C992DC002}"
EndProject
Global
	GlobalSection(SolutionConfigurationPlatforms) = preSolution
		Debug|Any CPU = Debug|Any CPU
		Release|Any CPU = Release|Any CPU
	EndGlobalSection
	GlobalSection(ProjectConfigurationPlatforms) = postSolution
		{92CB538B-67E0-4C1C-8EA7-AA2C992DC002}.Debug|Any CPU.ActiveCfg = Debug|Any CPU
		{92CB538B-67E0-4C1C-8EA7-AA2C992DC002}.Debug|Any CPU.Build.0 = Debug|Any CPU
		{92CB538B-67E0-4C1C-8EA7-AA2C992DC002}.Release|Any CPU.ActiveCfg = Release|Any CPU
		{92CB538B-67E0-4C1C-8EA7-AA2C992DC002}.Release|Any CPU.Build.0 = Release|Any CPU
	EndGlobalSection
	GlobalSection(SolutionProperties) = preSolution
		HideSolutionNode = FALSE
	EndGlobalSection
	GlobalSection(ExtensibilityGlobals) = postSolution
		SolutionGuid = {7A7632E8-3AB3-4EE6-8555-5CE94765FF84}
	EndGlobalSection
EndGlobal
